
Microsoft Visual Studio Solution File, Format Version 12.00
# Visual Studio Version 16
VisualStudioVersion = 16.0.29613.14
MinimumVisualStudioVersion = 10.0.40219.1
Project("{2150E333-8FDC-42A3-9474-1A3956D46DE8}") = "Samples", "Samples", "{356B92F6-30C6-481E-A286-AF3BB89510B2}"
EndProject
Project("{2150E333-8FDC-42A3-9474-1A3956D46DE8}") = "Additional", "Additional", "{4DDD8CA0-C940-4E49-9E28-AC588046DD36}"
	ProjectSection(SolutionItems) = preProject
		GitHub-codes.txt = GitHub-codes.txt
	EndProjectSection
EndProject
Project("{9A19103F-16F7-4668-BE54-9A1E7A4F7556}") = "Singleton.Design.Pattern", "Singleton.Design.Pattern\Singleton.Design.Pattern.csproj", "{A2BFC59B-9EEB-4E3D-B944-13F73DAB09CE}"
EndProject
Project("{2150E333-8FDC-42A3-9474-1A3956D46DE8}") = "Application.Sarter", "Application.Sarter", "{631E0CBE-689F-437E-B647-4DDE11863A17}"
EndProject
Project("{9A19103F-16F7-4668-BE54-9A1E7A4F7556}") = "App1", "App1\App1.csproj", "{875B1AF9-618A-499E-BB81-865938BC31B9}"
EndProject
Project("{9A19103F-16F7-4668-BE54-9A1E7A4F7556}") = "Super.Sub.Classes", "SuperClass\Super.Sub.Classes.csproj", "{5661F47B-A82C-475A-85F1-3F16AD458C75}"
EndProject
Project("{9A19103F-16F7-4668-BE54-9A1E7A4F7556}") = "Model.Concept.Pattern", "ModelConcept\Model.Concept.Pattern.csproj", "{AC5E9D57-A329-4A5E-ADE1-FB225728ACC3}"
EndProject
Project("{2150E333-8FDC-42A3-9474-1A3956D46DE8}") = "_Terimler", "_Terimler", "{E8D9C41E-CE77-40EB-9265-F7AE394F6440}"
	ProjectSection(SolutionItems) = preProject
		Terimler.cs = Terimler.cs
	EndProjectSection
EndProject
Project("{2150E333-8FDC-42A3-9474-1A3956D46DE8}") = "Bonus", "Bonus", "{DEAE81F0-B3F3-4633-991F-D0EA2DF2D89F}"
EndProject
Project("{9A19103F-16F7-4668-BE54-9A1E7A4F7556}") = "Task.Parallel.Library.Sample", "Task.Parallel.Library.Sample\Task.Parallel.Library.Sample.csproj", "{75203344-EA7D-4D2F-BA01-E4DAF89C10D6}"
EndProject
Project("{2150E333-8FDC-42A3-9474-1A3956D46DE8}") = "Design.Patterns.Library", "Design.Patterns.Library", "{E4F15B91-D3FF-4D3E-A5A6-065A8F8EAD8F}"
EndProject
Project("{9A19103F-16F7-4668-BE54-9A1E7A4F7556}") = "Factory.Design.Patterns", "Factory.Design.Patterns\Factory.Design.Patterns.csproj", "{318B468C-3AB2-42F1-A077-846AE349723F}"
EndProject
Project("{2150E333-8FDC-42A3-9474-1A3956D46DE8}") = "GangOfFour", "GangOfFour", "{79F411BF-D828-4BFC-9475-9E429EE847DA}"
EndProject
Project("{778DAE3C-4631-46EA-AA77-85C1314464D9}") = "Template.Method.Pattern", "Template.Method.Pattern\Template.Method.Pattern.vbproj", "{E9118A8E-725B-490E-A284-70BD9A17E0F0}"
EndProject
Project("{9A19103F-16F7-4668-BE54-9A1E7A4F7556}") = "Features.Syntax.Codes", "Features.Syntax.Codes\Features.Syntax.Codes.csproj", "{65E822B2-8FAF-4DD1-B5C6-156FB516D5FF}"
EndProject
Project("{778DAE3C-4631-46EA-AA77-85C1314464D9}") = "Repository.Pattern", "Repository.Pattern\Repository.Pattern.vbproj", "{7284C121-0496-495E-80E7-969119475F76}"
EndProject
Project("{2150E333-8FDC-42A3-9474-1A3956D46DE8}") = "RealworldExamples", "RealworldExamples", "{D849108C-A0DB-49B2-A518-8AD0E411B2CC}"
EndProject
Project("{9A19103F-16F7-4668-BE54-9A1E7A4F7556}") = "ImageRepository", "ImageRepository\ImageRepository.csproj", "{FA19EAD9-6F0D-4479-81F7-AF963A0CFCED}"
EndProject
Project("{9A19103F-16F7-4668-BE54-9A1E7A4F7556}") = "Service.Locator.Pattern", "Service.Locator.Pattern\Service.Locator.Pattern.csproj", "{A9F6F150-BFD6-4F73-958C-899246BF7A96}"
EndProject
Project("{FAE04EC0-301F-11D3-BF4B-00C04F79EFBC}") = "Builder.Design.Pattern", "Builder.Design.Pattern\Builder.Design.Pattern.csproj", "{69ECAFA4-F235-447C-A61E-751E4E4ED785}"
EndProject
Global
	GlobalSection(SolutionConfigurationPlatforms) = preSolution
		Debug|Any CPU = Debug|Any CPU
		Release|Any CPU = Release|Any CPU
	EndGlobalSection
	GlobalSection(ProjectConfigurationPlatforms) = postSolution
		{A2BFC59B-9EEB-4E3D-B944-13F73DAB09CE}.Debug|Any CPU.ActiveCfg = Debug|Any CPU
		{A2BFC59B-9EEB-4E3D-B944-13F73DAB09CE}.Debug|Any CPU.Build.0 = Debug|Any CPU
		{A2BFC59B-9EEB-4E3D-B944-13F73DAB09CE}.Release|Any CPU.ActiveCfg = Release|Any CPU
		{A2BFC59B-9EEB-4E3D-B944-13F73DAB09CE}.Release|Any CPU.Build.0 = Release|Any CPU
		{875B1AF9-618A-499E-BB81-865938BC31B9}.Debug|Any CPU.ActiveCfg = Debug|Any CPU
		{875B1AF9-618A-499E-BB81-865938BC31B9}.Debug|Any CPU.Build.0 = Debug|Any CPU
		{875B1AF9-618A-499E-BB81-865938BC31B9}.Release|Any CPU.ActiveCfg = Release|Any CPU
		{875B1AF9-618A-499E-BB81-865938BC31B9}.Release|Any CPU.Build.0 = Release|Any CPU
		{5661F47B-A82C-475A-85F1-3F16AD458C75}.Debug|Any CPU.ActiveCfg = Debug|Any CPU
		{5661F47B-A82C-475A-85F1-3F16AD458C75}.Debug|Any CPU.Build.0 = Debug|Any CPU
		{5661F47B-A82C-475A-85F1-3F16AD458C75}.Release|Any CPU.ActiveCfg = Release|Any CPU
		{5661F47B-A82C-475A-85F1-3F16AD458C75}.Release|Any CPU.Build.0 = Release|Any CPU
		{AC5E9D57-A329-4A5E-ADE1-FB225728ACC3}.Debug|Any CPU.ActiveCfg = Debug|Any CPU
		{AC5E9D57-A329-4A5E-ADE1-FB225728ACC3}.Debug|Any CPU.Build.0 = Debug|Any CPU
		{AC5E9D57-A329-4A5E-ADE1-FB225728ACC3}.Release|Any CPU.ActiveCfg = Release|Any CPU
		{AC5E9D57-A329-4A5E-ADE1-FB225728ACC3}.Release|Any CPU.Build.0 = Release|Any CPU
		{75203344-EA7D-4D2F-BA01-E4DAF89C10D6}.Debug|Any CPU.ActiveCfg = Debug|Any CPU
		{75203344-EA7D-4D2F-BA01-E4DAF89C10D6}.Debug|Any CPU.Build.0 = Debug|Any CPU
		{75203344-EA7D-4D2F-BA01-E4DAF89C10D6}.Release|Any CPU.ActiveCfg = Release|Any CPU
		{75203344-EA7D-4D2F-BA01-E4DAF89C10D6}.Release|Any CPU.Build.0 = Release|Any CPU
		{318B468C-3AB2-42F1-A077-846AE349723F}.Debug|Any CPU.ActiveCfg = Debug|Any CPU
		{318B468C-3AB2-42F1-A077-846AE349723F}.Debug|Any CPU.Build.0 = Debug|Any CPU
		{318B468C-3AB2-42F1-A077-846AE349723F}.Release|Any CPU.ActiveCfg = Release|Any CPU
		{318B468C-3AB2-42F1-A077-846AE349723F}.Release|Any CPU.Build.0 = Release|Any CPU
		{E9118A8E-725B-490E-A284-70BD9A17E0F0}.Debug|Any CPU.ActiveCfg = Debug|Any CPU
		{E9118A8E-725B-490E-A284-70BD9A17E0F0}.Debug|Any CPU.Build.0 = Debug|Any CPU
		{E9118A8E-725B-490E-A284-70BD9A17E0F0}.Release|Any CPU.ActiveCfg = Release|Any CPU
		{E9118A8E-725B-490E-A284-70BD9A17E0F0}.Release|Any CPU.Build.0 = Release|Any CPU
		{65E822B2-8FAF-4DD1-B5C6-156FB516D5FF}.Debug|Any CPU.ActiveCfg = Debug|Any CPU
		{65E822B2-8FAF-4DD1-B5C6-156FB516D5FF}.Debug|Any CPU.Build.0 = Debug|Any CPU
		{65E822B2-8FAF-4DD1-B5C6-156FB516D5FF}.Release|Any CPU.ActiveCfg = Release|Any CPU
		{65E822B2-8FAF-4DD1-B5C6-156FB516D5FF}.Release|Any CPU.Build.0 = Release|Any CPU
		{7284C121-0496-495E-80E7-969119475F76}.Debug|Any CPU.ActiveCfg = Debug|Any CPU
		{7284C121-0496-495E-80E7-969119475F76}.Debug|Any CPU.Build.0 = Debug|Any CPU
		{7284C121-0496-495E-80E7-969119475F76}.Release|Any CPU.ActiveCfg = Release|Any CPU
		{7284C121-0496-495E-80E7-969119475F76}.Release|Any CPU.Build.0 = Release|Any CPU
		{FA19EAD9-6F0D-4479-81F7-AF963A0CFCED}.Debug|Any CPU.ActiveCfg = Debug|Any CPU
		{FA19EAD9-6F0D-4479-81F7-AF963A0CFCED}.Debug|Any CPU.Build.0 = Debug|Any CPU
		{FA19EAD9-6F0D-4479-81F7-AF963A0CFCED}.Release|Any CPU.ActiveCfg = Release|Any CPU
		{FA19EAD9-6F0D-4479-81F7-AF963A0CFCED}.Release|Any CPU.Build.0 = Release|Any CPU
		{A9F6F150-BFD6-4F73-958C-899246BF7A96}.Debug|Any CPU.ActiveCfg = Debug|Any CPU
		{A9F6F150-BFD6-4F73-958C-899246BF7A96}.Debug|Any CPU.Build.0 = Debug|Any CPU
		{A9F6F150-BFD6-4F73-958C-899246BF7A96}.Release|Any CPU.ActiveCfg = Release|Any CPU
		{A9F6F150-BFD6-4F73-958C-899246BF7A96}.Release|Any CPU.Build.0 = Release|Any CPU
		{69ECAFA4-F235-447C-A61E-751E4E4ED785}.Debug|Any CPU.ActiveCfg = Debug|Any CPU
		{69ECAFA4-F235-447C-A61E-751E4E4ED785}.Debug|Any CPU.Build.0 = Debug|Any CPU
		{69ECAFA4-F235-447C-A61E-751E4E4ED785}.Release|Any CPU.ActiveCfg = Release|Any CPU
		{69ECAFA4-F235-447C-A61E-751E4E4ED785}.Release|Any CPU.Build.0 = Release|Any CPU
	EndGlobalSection
	GlobalSection(SolutionProperties) = preSolution
		HideSolutionNode = FALSE
	EndGlobalSection
	GlobalSection(NestedProjects) = preSolution
		{A2BFC59B-9EEB-4E3D-B944-13F73DAB09CE} = {79F411BF-D828-4BFC-9475-9E429EE847DA}
		{875B1AF9-618A-499E-BB81-865938BC31B9} = {631E0CBE-689F-437E-B647-4DDE11863A17}
		{5661F47B-A82C-475A-85F1-3F16AD458C75} = {79F411BF-D828-4BFC-9475-9E429EE847DA}
		{AC5E9D57-A329-4A5E-ADE1-FB225728ACC3} = {79F411BF-D828-4BFC-9475-9E429EE847DA}
		{DEAE81F0-B3F3-4633-991F-D0EA2DF2D89F} = {356B92F6-30C6-481E-A286-AF3BB89510B2}
		{75203344-EA7D-4D2F-BA01-E4DAF89C10D6} = {DEAE81F0-B3F3-4633-991F-D0EA2DF2D89F}
		{E4F15B91-D3FF-4D3E-A5A6-065A8F8EAD8F} = {356B92F6-30C6-481E-A286-AF3BB89510B2}
		{318B468C-3AB2-42F1-A077-846AE349723F} = {79F411BF-D828-4BFC-9475-9E429EE847DA}
		{79F411BF-D828-4BFC-9475-9E429EE847DA} = {E4F15B91-D3FF-4D3E-A5A6-065A8F8EAD8F}
		{E9118A8E-725B-490E-A284-70BD9A17E0F0} = {79F411BF-D828-4BFC-9475-9E429EE847DA}
		{65E822B2-8FAF-4DD1-B5C6-156FB516D5FF} = {DEAE81F0-B3F3-4633-991F-D0EA2DF2D89F}
		{7284C121-0496-495E-80E7-969119475F76} = {79F411BF-D828-4BFC-9475-9E429EE847DA}
		{D849108C-A0DB-49B2-A518-8AD0E411B2CC} = {356B92F6-30C6-481E-A286-AF3BB89510B2}
		{FA19EAD9-6F0D-4479-81F7-AF963A0CFCED} = {D849108C-A0DB-49B2-A518-8AD0E411B2CC}
		{A9F6F150-BFD6-4F73-958C-899246BF7A96} = {79F411BF-D828-4BFC-9475-9E429EE847DA}
		{69ECAFA4-F235-447C-A61E-751E4E4ED785} = {79F411BF-D828-4BFC-9475-9E429EE847DA}
	EndGlobalSection
	GlobalSection(ExtensibilityGlobals) = postSolution
		SolutionGuid = {046952CE-263F-454B-80A3-49022D3AE3B7}
	EndGlobalSection
EndGlobal
